
Microsoft Visual Studio Solution File, Format Version 12.00
# Visual Studio Version 16
VisualStudioVersion = 16.0.31410.357
MinimumVisualStudioVersion = 10.0.40219.1
Project("{FAE04EC0-301F-11D3-BF4B-00C04F79EFBC}") = "5-A-Side", "5-A-Side\5-A-Side.csproj", "{A060C6A4-BDBE-4AC7-A001-3C3448DB3420}"
EndProject
Global
	GlobalSection(SolutionConfigurationPlatforms) = preSolution
		Debug|Any CPU = Debug|Any CPU
		Release|Any CPU = Release|Any CPU
	EndGlobalSection
	GlobalSection(ProjectConfigurationPlatforms) = postSolution
		{A060C6A4-BDBE-4AC7-A001-3C3448DB3420}.Debug|Any CPU.ActiveCfg = Debug|Any CPU
		{A060C6A4-BDBE-4AC7-A001-3C3448DB3420}.Debug|Any CPU.Build.0 = Debug|Any CPU
		{A060C6A4-BDBE-4AC7-A001-3C3448DB3420}.Release|Any CPU.ActiveCfg = Release|Any CPU
		{A060C6A4-BDBE-4AC7-A001-3C3448DB3420}.Release|Any CPU.Build.0 = Release|Any CPU
	EndGlobalSection
	GlobalSection(SolutionProperties) = preSolution
		HideSolutionNode = FALSE
	EndGlobalSection
	GlobalSection(ExtensibilityGlobals) = postSolution
		SolutionGuid = {7D7DF5C4-6360-4755-BE9B-E0837C7496AF}
	EndGlobalSection
EndGlobal
